{
  "nodes": {
    "nCats": {
      "inputs": {
        "nixCats": "nixCats",
        "nixpkgs": [
          "nixpkgs"
        ],
        "plugins-cmp-pandoc-references": "plugins-cmp-pandoc-references",
        "plugins-r": "plugins-r",
        "rixpkgs": "rixpkgs"
      },
      "locked": {
        "lastModified": 1750580429,
        "narHash": "sha256-JK+bWsMRFyCHseiIS9olgpRM1McJ4vM1HwSCG49+M3E=",
        "owner": "dwinkler1",
        "repo": "nixCatsConfig",
        "rev": "5037594b13921e6c83acec8de704e47669ceca41",
        "type": "github"
      },
      "original": {
        "owner": "dwinkler1",
        "repo": "nixCatsConfig",
        "type": "github"
      }
    },
    "nixCats": {
      "locked": {
        "lastModified": 1750385661,
        "owner": "BirdeeHub",
        "repo": "nixCats-nvim",
        "rev": "04379fef2fbd4c9d8f4c9a6203cef135ab0b1acd",
        "type": "github"
      },
      "original": {
        "owner": "BirdeeHub",
        "repo": "nixCats-nvim",
        "type": "github"
      }
    },
    "nixpkgs": {
      "locked": {
        "lastModified": 1750731501,
        "narHash": "sha256-Ah4qq+SbwMaGkuXCibyg+Fwn00el4KmI3XFX6htfDuk=",
        "owner": "nixos",
        "repo": "nixpkgs",
        "rev": "69dfebb3d175bde602f612915c5576a41b18486b",
        "type": "github"
      },
      "original": {
        "owner": "nixos",
        "ref": "nixpkgs-unstable",
        "repo": "nixpkgs",
        "type": "github"
      }
    },
    "plugins-cmp-pandoc-references": {
      "flake": false,
      "locked": {
        "lastModified": 1743491695,
        "owner": "jmbuhr",
        "repo": "cmp-pandoc-references",
        "rev": "130eae4f75029d6495808e0ea4b769fa1ce4c9ac",
        "type": "github"
      },
      "original": {
        "owner": "jmbuhr",
        "repo": "cmp-pandoc-references",
        "type": "github"
      }
    },
    "plugins-r": {
      "flake": false,
      "locked": {
        "lastModified": 1749130465,
        "owner": "R-nvim",
        "repo": "R.nvim",
        "rev": "65f772c012240bc1a1706da11049d2c9801275dc",
        "type": "github"
      },
      "original": {
        "owner": "R-nvim",
        "repo": "R.nvim",
        "type": "github"
      }
    },
    "rixpkgs": {
      "locked": {
        "lastModified": 1746476429,
        "narHash": "sha256-KHNAOy8ILpIlz5rtwxURpcVOqbWRMoT/rXRgpy1pyG8=",
        "type": "tarball",
        "url": "https://github.com/rstats-on-nix/nixpkgs/archive/2025-04-29.tar.gz"
      },
      "original": {
        "type": "tarball",
        "url": "https://github.com/rstats-on-nix/nixpkgs/archive/2025-04-29.tar.gz"
      }
    },
    "rixpkgs_2": {
      "locked": {
        "lastModified": 1747664360,
        "narHash": "sha256-DskCWKtHNGApsP3PI/HB+fETs3qXpwul3PtSgTb++N4=",
        "type": "tarball",
        "url": "https://github.com/rstats-on-nix/nixpkgs/archive/2025-05-19.tar.gz"
      },
      "original": {
        "type": "tarball",
        "url": "https://github.com/rstats-on-nix/nixpkgs/archive/2025-05-19.tar.gz"
      }
    },
    "root": {
      "inputs": {
        "nCats": "nCats",
        "nixpkgs": "nixpkgs",
        "rixpkgs": "rixpkgs_2"
      }
    }
  },
  "root": "root",
  "version": 7
}
