{
  "nodes": {
    "nCats": {
      "inputs": {
        "nixCats": "nixCats",
        "nixpkgs": [
          "nixpkgs"
        ],
        "plugins-cmp-pandoc-references": "plugins-cmp-pandoc-references",
        "plugins-cmp-r": "plugins-cmp-r",
        "plugins-r": "plugins-r",
        "rixpkgs": "rixpkgs"
      },
      "locked": {
        "lastModified": 1755816956,
        "narHash": "sha256-OOFaZi7LJieypp5+WJP2j4nEsBEr5AOU+XV+J74xf4Y=",
        "owner": "dwinkler1",
        "repo": "nixCatsConfig",
        "rev": "c4c4e9a1e7da1913517b563ef03c555ebd1af473",
        "type": "github"
      },
      "original": {
        "owner": "dwinkler1",
        "repo": "nixCatsConfig",
        "type": "github"
      }
    },
    "nixCats": {
      "locked": {
        "lastModified": 1755685723,
        "narHash": "sha256-WU7yfMmEbYmJnTWPe0RQpZyjf3c+btJ3BfE9RlnTtU0=",
        "owner": "BirdeeHub",
        "repo": "nixCats-nvim",
        "rev": "515fb737c41504df023f9638aa0b63111a881c76",
        "type": "github"
      },
      "original": {
        "owner": "BirdeeHub",
        "repo": "nixCats-nvim",
        "type": "github"
      }
    },
    "nixpkgs": {
      "locked": {
        "lastModified": 1755736253,
        "narHash": "sha256-jlIQRypNhB1PcB1BE+expE4xZeJxzoAGr1iUbHQta8s=",
        "owner": "nixos",
        "repo": "nixpkgs",
        "rev": "596312aae91421d6923f18cecce934a7d3bfd6b8",
        "type": "github"
      },
      "original": {
        "owner": "nixos",
        "ref": "nixpkgs-unstable",
        "repo": "nixpkgs",
        "type": "github"
      }
    },
    "plugins-cmp-pandoc-references": {
      "flake": false,
      "locked": {
        "lastModified": 1743491695,
        "narHash": "sha256-XsdneGNJzmRBggk8lz9JNDQYk7wbYfUAF2oZLXzFb9c=",
        "owner": "jmbuhr",
        "repo": "cmp-pandoc-references",
        "rev": "130eae4f75029d6495808e0ea4b769fa1ce4c9ac",
        "type": "github"
      },
      "original": {
        "owner": "jmbuhr",
        "repo": "cmp-pandoc-references",
        "type": "github"
      }
    },
    "plugins-cmp-r": {
      "flake": false,
      "locked": {
        "lastModified": 1746709841,
        "narHash": "sha256-TwmLSILu1H3RyRivCQlbsgUN4dsEqO1E8Hx71N/lFws=",
        "owner": "R-nvim",
        "repo": "cmp-r",
        "rev": "602f399c4efde01147cadfebcc884b7aa154f8b7",
        "type": "github"
      },
      "original": {
        "owner": "R-nvim",
        "repo": "cmp-r",
        "type": "github"
      }
    },
    "plugins-r": {
      "flake": false,
      "locked": {
        "lastModified": 1755532199,
        "narHash": "sha256-mb8HCaMasPUP9JZUkH1sPrtdbhM2HMUkJEKDsRt6wTs=",
        "owner": "R-nvim",
        "repo": "R.nvim",
        "rev": "fd992e1c13ad3df794a30af2e937b994bf7bf4db",
        "type": "github"
      },
      "original": {
        "owner": "R-nvim",
        "repo": "R.nvim",
        "type": "github"
      }
    },
    "rixpkgs": {
      "locked": {
        "lastModified": 1754915244,
        "narHash": "sha256-WtdFq/HbvAgq03AMhSAJW35go6R5bqhGNf2KBzXqH2U=",
        "type": "tarball",
        "url": "https://github.com/rstats-on-nix/nixpkgs/archive/2025-08-11.tar.gz"
      },
      "original": {
        "type": "tarball",
        "url": "https://github.com/rstats-on-nix/nixpkgs/archive/2025-08-11.tar.gz"
      }
    },
    "rixpkgs_2": {
      "locked": {
        "lastModified": 1747664360,
        "narHash": "sha256-DskCWKtHNGApsP3PI/HB+fETs3qXpwul3PtSgTb++N4=",
        "type": "tarball",
        "url": "https://github.com/rstats-on-nix/nixpkgs/archive/2025-05-19.tar.gz"
      },
      "original": {
        "type": "tarball",
        "url": "https://github.com/rstats-on-nix/nixpkgs/archive/2025-05-19.tar.gz"
      }
    },
    "root": {
      "inputs": {
        "nCats": "nCats",
        "nixpkgs": "nixpkgs",
        "rixpkgs": "rixpkgs_2"
      }
    }
  },
  "root": "root",
  "version": 7
}
