{
  "nodes": {
    "fran": {
      "inputs": {
        "nixpkgs": [
          "rixpkgs"
        ]
      },
      "locked": {
        "lastModified": 1770753736,
        "narHash": "sha256-3LWIQnTBSV3eMliFhk1K5cEAJokJVnnoChY0lcDzqNM=",
        "owner": "dwinkler1",
        "repo": "fran",
        "rev": "c5c7f360c7954b422918b2136087f5d3a8f4937f",
        "type": "github"
      },
      "original": {
        "owner": "dwinkler1",
        "repo": "fran",
        "type": "github"
      }
    },
    "nixpkgs": {
      "locked": {
        "lastModified": 1770617025,
        "narHash": "sha256-1jZvgZoAagZZB6NwGRv2T2ezPy+X6EFDsJm+YSlsvEs=",
        "owner": "NixOS",
        "repo": "nixpkgs",
        "rev": "2db38e08fdadcc0ce3232f7279bab59a15b94482",
        "type": "github"
      },
      "original": {
        "owner": "NixOS",
        "ref": "nixos-25.11",
        "repo": "nixpkgs",
        "type": "github"
      }
    },
    "nvimConfig": {
      "inputs": {
        "fran": [
          "fran"
        ],
        "nixpkgs": [
          "nixpkgs"
        ],
        "plugins-cmp-pandoc-references": "plugins-cmp-pandoc-references",
        "plugins-r": "plugins-r",
        "rixpkgs": [
          "rixpkgs"
        ],
        "wrappers": "wrappers"
      },
      "locked": {
        "lastModified": 1770172480,
        "narHash": "sha256-gem34C89cocBGuWLj7cdrAS5WkrOBp6V+ycQM/RhcCw=",
        "owner": "dwinkler1",
        "repo": "nvimConfig",
        "rev": "8f5c05252e914cb3738039a7ec13eb7d5955227a",
        "type": "github"
      },
      "original": {
        "owner": "dwinkler1",
        "repo": "nvimConfig",
        "type": "github"
      }
    },
    "plugins-cmp-pandoc-references": {
      "flake": false,
      "locked": {
        "lastModified": 1743491695,
        "narHash": "sha256-XsdneGNJzmRBggk8lz9JNDQYk7wbYfUAF2oZLXzFb9c=",
        "owner": "jmbuhr",
        "repo": "cmp-pandoc-references",
        "rev": "130eae4f75029d6495808e0ea4b769fa1ce4c9ac",
        "type": "github"
      },
      "original": {
        "owner": "jmbuhr",
        "repo": "cmp-pandoc-references",
        "type": "github"
      }
    },
    "plugins-r": {
      "flake": false,
      "locked": {
        "lastModified": 1769736135,
        "narHash": "sha256-T4QgcBL+LCXvrEiRE2JW4jtUKl8DKzFHk8czGUO1jgY=",
        "owner": "R-nvim",
        "repo": "R.nvim",
        "rev": "2701ec64f5485e17c0e057081a9ae2058d776464",
        "type": "github"
      },
      "original": {
        "owner": "R-nvim",
        "repo": "R.nvim",
        "type": "github"
      }
    },
    "rixpkgs": {
      "locked": {
        "lastModified": 1770035835,
        "narHash": "sha256-Pi8f3LPTFmG7SZeAJEAamOWly1SZhEofT92uBqS4atY=",
        "owner": "rstats-on-nix",
        "repo": "nixpkgs",
        "rev": "0d3fe7afce51d2126fdccf0b717d8048b90e4781",
        "type": "github"
      },
      "original": {
        "owner": "rstats-on-nix",
        "ref": "2026-02-02",
        "repo": "nixpkgs",
        "type": "github"
      }
    },
    "root": {
      "inputs": {
        "fran": "fran",
        "nixpkgs": "nixpkgs",
        "nvimConfig": "nvimConfig",
        "rixpkgs": "rixpkgs"
      }
    },
    "wrappers": {
      "inputs": {
        "nixpkgs": [
          "nvimConfig",
          "nixpkgs"
        ]
      },
      "locked": {
        "lastModified": 1769745458,
        "narHash": "sha256-Fq6THKEiAKx+wWQ4wTg9HvOAyD6i8JkWfHVQDZH7Byo=",
        "owner": "BirdeeHub",
        "repo": "nix-wrapper-modules",
        "rev": "cc5e052dd1e93ae75dc06e3fabf46f0820c272f2",
        "type": "github"
      },
      "original": {
        "owner": "BirdeeHub",
        "repo": "nix-wrapper-modules",
        "type": "github"
      }
    }
  },
  "root": "root",
  "version": 7
}
