{
  "nodes": {
    "fran": {
      "inputs": {
        "nixpkgs": [
          "rixpkgs"
        ]
      },
      "locked": {
        "lastModified": 1776413584,
        "narHash": "sha256-xqqv46MTveuT4yJH2YihmbHGy5mdLnnLFDebVmUws/E=",
        "owner": "dwinkler1",
        "repo": "fran",
        "rev": "da09626e4dd8f0f57078b3a04e0443a8c20defa1",
        "type": "github"
      },
      "original": {
        "owner": "dwinkler1",
        "repo": "fran",
        "type": "github"
      }
    },
    "nixpkgs": {
      "locked": {
        "lastModified": 1779560665,
        "narHash": "sha256-tpyBcxPpcQb8ukyNF7DoCwfSY3VPsxHoYwj00Cayv5o=",
        "owner": "nixos",
        "repo": "nixpkgs",
        "rev": "64c08a7ca051951c8eae34e3e3cb1e202fe36786",
        "type": "github"
      },
      "original": {
        "owner": "nixos",
        "ref": "nixos-unstable",
        "repo": "nixpkgs",
        "type": "github"
      }
    },
    "nvimConfig": {
      "inputs": {
        "fran": [
          "fran"
        ],
        "nixpkgs": [
          "nixpkgs"
        ],
        "plugins-cmp-pandoc-references": "plugins-cmp-pandoc-references",
        "r-nvim-nix": "r-nvim-nix",
        "rixpkgs": [
          "rixpkgs"
        ],
        "wrappers": "wrappers"
      },
      "locked": {
        "lastModified": 1779544872,
        "narHash": "sha256-AnuNQ9nbXrDYmL97TOejAds/FQOgD6FEOHABp/8dmsU=",
        "owner": "dwinkler1",
        "repo": "nvimConfig",
        "rev": "aec9110e709e1aa50d78f06293c4bde14974b23f",
        "type": "github"
      },
      "original": {
        "owner": "dwinkler1",
        "repo": "nvimConfig",
        "type": "github"
      }
    },
    "plugins-cmp-pandoc-references": {
      "flake": false,
      "locked": {
        "lastModified": 1743491695,
        "narHash": "sha256-XsdneGNJzmRBggk8lz9JNDQYk7wbYfUAF2oZLXzFb9c=",
        "owner": "jmbuhr",
        "repo": "cmp-pandoc-references",
        "rev": "130eae4f75029d6495808e0ea4b769fa1ce4c9ac",
        "type": "github"
      },
      "original": {
        "owner": "jmbuhr",
        "repo": "cmp-pandoc-references",
        "type": "github"
      }
    },
    "r-nvim-nix": {
      "inputs": {
        "nixpkgs": [
          "nvimConfig",
          "rixpkgs"
        ],
        "rnvimsrc": "rnvimsrc"
      },
      "locked": {
        "lastModified": 1779438909,
        "narHash": "sha256-1lvv0bdvSVyeCIgeZ7Ws7ffbDFurA5LJscS9dRLHzC8=",
        "owner": "dwinkler1",
        "repo": "r_nvim_nix",
        "rev": "ec17e22ab362a0ddfd6c2e9c5e95d43897a143be",
        "type": "github"
      },
      "original": {
        "owner": "dwinkler1",
        "ref": "v0.99.4",
        "repo": "r_nvim_nix",
        "type": "github"
      }
    },
    "rixpkgs": {
      "locked": {
        "lastModified": 1771303851,
        "narHash": "sha256-tgveHozOJ2D/mi3LxVy/FcmLFDlM5XKZxsNB2XpvzaM=",
        "owner": "dwinkler1",
        "repo": "rixpkgs",
        "rev": "af2dd3f7b4b172077747c0869d4e30702fb71b0e",
        "type": "github"
      },
      "original": {
        "owner": "dwinkler1",
        "repo": "rixpkgs",
        "rev": "af2dd3f7b4b172077747c0869d4e30702fb71b0e",
        "type": "github"
      }
    },
    "rnvimsrc": {
      "flake": false,
      "locked": {
        "lastModified": 1776905071,
        "narHash": "sha256-dXox6qEs1VDE7vPNDoN8bY4g06uj1IEs6uki72w8lpA=",
        "owner": "R-nvim",
        "repo": "R.nvim",
        "rev": "582f2af11290ac067e49018db38e12a511325556",
        "type": "github"
      },
      "original": {
        "owner": "R-nvim",
        "ref": "v0.99.4",
        "repo": "R.nvim",
        "type": "github"
      }
    },
    "root": {
      "inputs": {
        "fran": "fran",
        "nixpkgs": "nixpkgs",
        "nvimConfig": "nvimConfig",
        "rixpkgs": "rixpkgs"
      }
    },
    "wrappers": {
      "inputs": {
        "nixpkgs": [
          "nvimConfig",
          "nixpkgs"
        ]
      },
      "locked": {
        "lastModified": 1779297405,
        "narHash": "sha256-VFoBwH7ZjVxCnvZTb5ODRXt70sLtWMxstive0N+RS50=",
        "owner": "BirdeeHub",
        "repo": "nix-wrapper-modules",
        "rev": "e7ed7a1205945befdf2e0d73ba7df91d935e5af1",
        "type": "github"
      },
      "original": {
        "owner": "BirdeeHub",
        "repo": "nix-wrapper-modules",
        "type": "github"
      }
    }
  },
  "root": "root",
  "version": 7
}
