{
  "nodes": {
    "fran": {
      "inputs": {
        "nixpkgs": [
          "rixpkgs"
        ],
        "nvimcom": [
          "plugins-r"
        ]
      },
      "locked": {
        "lastModified": 1757742690,
        "narHash": "sha256-rgJ5kSWJPx4/c3XDhlcdxQ+w5RDJ/TjX0UAkf7GAkq8=",
        "owner": "dwinkler1",
        "repo": "fran",
        "rev": "176a386273c7734f34c54e49ad856e5bdd678c20",
        "type": "github"
      },
      "original": {
        "owner": "dwinkler1",
        "repo": "fran",
        "type": "github"
      }
    },
    "nixCats": {
      "inputs": {
        "fran": [
          "fran"
        ],
        "nixCats": "nixCats_2",
        "nixpkgs": [
          "nixpkgs"
        ],
        "plugins-cmp-pandoc-references": [
          "plugins-cmp-pandoc-references"
        ],
        "plugins-cmp-r": [
          "plugins-cmp-r"
        ],
        "plugins-r": [
          "plugins-r"
        ],
        "rixpkgs": [
          "rixpkgs"
        ]
      },
      "locked": {
        "lastModified": 1757742629,
        "narHash": "sha256-vrW0po7Z+eLOThPH3XcH/GcPHTz0khtZhhbsdfa44gQ=",
        "owner": "dwinkler1",
        "repo": "nixCatsConfig",
        "rev": "4196f2b889a7cdf292a8103e26f1c184f84c5158",
        "type": "github"
      },
      "original": {
        "owner": "dwinkler1",
        "repo": "nixCatsConfig",
        "type": "github"
      }
    },
    "nixCats_2": {
      "locked": {
        "lastModified": 1757649271,
        "narHash": "sha256-ibIge275+cw7rdrHnIQlPhv0ydOPmDvYR852U/m3kHY=",
        "owner": "BirdeeHub",
        "repo": "nixCats-nvim",
        "rev": "adf4a129b8e05971b564340f39622590b27c46f1",
        "type": "github"
      },
      "original": {
        "owner": "BirdeeHub",
        "repo": "nixCats-nvim",
        "type": "github"
      }
    },
    "nixpkgs": {
      "locked": {
        "lastModified": 1757686808,
        "narHash": "sha256-PL+Z3OrNpFNHddbsBaxeojYkWObYc2NlyhTmsmpt+hc=",
        "owner": "nixos",
        "repo": "nixpkgs",
        "rev": "098982b6eca9b809cc2f583e733338f5a36b3ad8",
        "type": "github"
      },
      "original": {
        "owner": "nixos",
        "ref": "nixpkgs-unstable",
        "repo": "nixpkgs",
        "type": "github"
      }
    },
    "plugins-cmp-pandoc-references": {
      "flake": false,
      "locked": {
        "lastModified": 1743491695,
        "narHash": "sha256-XsdneGNJzmRBggk8lz9JNDQYk7wbYfUAF2oZLXzFb9c=",
        "owner": "jmbuhr",
        "repo": "cmp-pandoc-references",
        "rev": "130eae4f75029d6495808e0ea4b769fa1ce4c9ac",
        "type": "github"
      },
      "original": {
        "owner": "jmbuhr",
        "repo": "cmp-pandoc-references",
        "type": "github"
      }
    },
    "plugins-cmp-r": {
      "flake": false,
      "locked": {
        "lastModified": 1757621075,
        "narHash": "sha256-mOJTakVvrVapsCH7R6Sl1k/5z1R6P3gZVftBb6/WkC8=",
        "owner": "R-nvim",
        "repo": "cmp-r",
        "rev": "3b03cba13976b3ec5fcf7736bde02dacf89254b1",
        "type": "github"
      },
      "original": {
        "owner": "R-nvim",
        "repo": "cmp-r",
        "type": "github"
      }
    },
    "plugins-r": {
      "flake": false,
      "locked": {
        "lastModified": 1757600926,
        "narHash": "sha256-nND2KwotfXosIvZ+cdEKL/B8gmvjgplGtZIpHRL2YCk=",
        "owner": "R-nvim",
        "repo": "R.nvim",
        "rev": "f44b283755f43e31991b691fa046951f6fcfacef",
        "type": "github"
      },
      "original": {
        "owner": "R-nvim",
        "repo": "R.nvim",
        "type": "github"
      }
    },
    "rixpkgs": {
      "locked": {
        "lastModified": 1757622011,
        "narHash": "sha256-lPRJtEMzMgnWEfu5U0HzvruaTukpdtVVhBmjP5xfHBQ=",
        "owner": "rstats-on-nix",
        "repo": "nixpkgs",
        "rev": "37a12a40ceec88b74d60c68b95feeedcb1975e7a",
        "type": "github"
      },
      "original": {
        "owner": "rstats-on-nix",
        "ref": "2025-09-11",
        "repo": "nixpkgs",
        "type": "github"
      }
    },
    "root": {
      "inputs": {
        "fran": "fran",
        "nixCats": "nixCats",
        "nixpkgs": "nixpkgs",
        "plugins-cmp-pandoc-references": "plugins-cmp-pandoc-references",
        "plugins-cmp-r": "plugins-cmp-r",
        "plugins-r": "plugins-r",
        "rixpkgs": "rixpkgs"
      }
    }
  },
  "root": "root",
  "version": 7
}
