{
  "nodes": {
    "fran": {
      "inputs": {
        "nixpkgs": [
          "rixpkgs"
        ],
        "nvimcom": [
          "plugins-r"
        ]
      },
      "locked": {
        "lastModified": 1757216868,
        "narHash": "sha256-t2X8jsj3CoitdOcEzw/oZHe21OUetWFAojAXBAaHYGw=",
        "owner": "dwinkler1",
        "repo": "fran",
        "rev": "647b4655991e45ecacdebd2f668dc064979da7e7",
        "type": "github"
      },
      "original": {
        "owner": "dwinkler1",
        "repo": "fran",
        "type": "github"
      }
    },
    "nixCats": {
      "inputs": {
        "fran": [
          "fran"
        ],
        "nixCats": "nixCats_2",
        "nixpkgs": [
          "nixpkgs"
        ],
        "plugins-cmp-pandoc-references": [
          "plugins-cmp-pandoc-references"
        ],
        "plugins-cmp-r": [
          "plugins-cmp-r"
        ],
        "plugins-r": [
          "plugins-r"
        ],
        "rixpkgs": [
          "rixpkgs"
        ]
      },
      "locked": {
        "lastModified": 1757301561,
        "narHash": "sha256-gj+WQJp8uhKUkPlOyUxeWEr3LiZTuRjSHWGYh7XSvKg=",
        "owner": "dwinkler1",
        "repo": "nixCatsConfig",
        "rev": "8e76e2124c4645d21ba2477ed7c5bcb1f3d318e8",
        "type": "github"
      },
      "original": {
        "owner": "dwinkler1",
        "repo": "nixCatsConfig",
        "type": "github"
      }
    },
    "nixCats_2": {
      "locked": {
        "lastModified": 1756502529,
        "narHash": "sha256-IPhN1a/DecHCJKugq51TnPqcMkwHU7qrQXagR2k1KwA=",
        "owner": "BirdeeHub",
        "repo": "nixCats-nvim",
        "rev": "b262211fc80bf5909f9b6642a7930fee907e3e8d",
        "type": "github"
      },
      "original": {
        "owner": "BirdeeHub",
        "repo": "nixCats-nvim",
        "type": "github"
      }
    },
    "nixpkgs": {
      "locked": {
        "lastModified": 1757034884,
        "narHash": "sha256-PgLSZDBEWUHpfTRfFyklmiiLBE1i1aGCtz4eRA3POao=",
        "owner": "nixos",
        "repo": "nixpkgs",
        "rev": "ca77296380960cd497a765102eeb1356eb80fed0",
        "type": "github"
      },
      "original": {
        "owner": "nixos",
        "ref": "nixpkgs-unstable",
        "repo": "nixpkgs",
        "type": "github"
      }
    },
    "plugins-cmp-pandoc-references": {
      "flake": false,
      "locked": {
        "lastModified": 1743491695,
        "narHash": "sha256-XsdneGNJzmRBggk8lz9JNDQYk7wbYfUAF2oZLXzFb9c=",
        "owner": "jmbuhr",
        "repo": "cmp-pandoc-references",
        "rev": "130eae4f75029d6495808e0ea4b769fa1ce4c9ac",
        "type": "github"
      },
      "original": {
        "owner": "jmbuhr",
        "repo": "cmp-pandoc-references",
        "type": "github"
      }
    },
    "plugins-cmp-r": {
      "flake": false,
      "locked": {
        "lastModified": 1746709841,
        "narHash": "sha256-TwmLSILu1H3RyRivCQlbsgUN4dsEqO1E8Hx71N/lFws=",
        "owner": "R-nvim",
        "repo": "cmp-r",
        "rev": "602f399c4efde01147cadfebcc884b7aa154f8b7",
        "type": "github"
      },
      "original": {
        "owner": "R-nvim",
        "repo": "cmp-r",
        "type": "github"
      }
    },
    "plugins-r": {
      "flake": false,
      "locked": {
        "lastModified": 1755532199,
        "narHash": "sha256-mb8HCaMasPUP9JZUkH1sPrtdbhM2HMUkJEKDsRt6wTs=",
        "owner": "R-nvim",
        "repo": "R.nvim",
        "rev": "fd992e1c13ad3df794a30af2e937b994bf7bf4db",
        "type": "github"
      },
      "original": {
        "owner": "R-nvim",
        "repo": "R.nvim",
        "type": "github"
      }
    },
    "rixpkgs": {
      "locked": {
        "lastModified": 1756729913,
        "narHash": "sha256-3pyl4lIhkKEHv3DOUpi361BpsWR7xAxF6viHhTjLqaI=",
        "owner": "rstats-on-nix",
        "repo": "nixpkgs",
        "rev": "7aec61a157c33f3bc0907b161b20516232925186",
        "type": "github"
      },
      "original": {
        "owner": "rstats-on-nix",
        "ref": "2025-09-01",
        "repo": "nixpkgs",
        "type": "github"
      }
    },
    "root": {
      "inputs": {
        "fran": "fran",
        "nixCats": "nixCats",
        "nixpkgs": "nixpkgs",
        "plugins-cmp-pandoc-references": "plugins-cmp-pandoc-references",
        "plugins-cmp-r": "plugins-cmp-r",
        "plugins-r": "plugins-r",
        "rixpkgs": "rixpkgs"
      }
    }
  },
  "root": "root",
  "version": 7
}
