{
  "nodes": {
    "fran": {
      "inputs": {
        "nixpkgs": [
          "rixpkgs"
        ],
        "nvimcom": [
          "plugins-r"
        ]
      },
      "locked": {
        "lastModified": 1761271358,
        "narHash": "sha256-Yf1u/FvSKCD0sr0xmTE/Cwgy7H/YW2L/1R7tbxtLfDw=",
        "owner": "dwinkler1",
        "repo": "fran",
        "rev": "3bcaf6aa8b74bb1f754e14d975d64bd970fdbe56",
        "type": "github"
      },
      "original": {
        "owner": "dwinkler1",
        "repo": "fran",
        "type": "github"
      }
    },
    "nixCats": {
      "inputs": {
        "fran": [
          "fran"
        ],
        "nixCats": "nixCats_2",
        "nixpkgs": [
          "nixpkgs"
        ],
        "plugins-cmp-pandoc-references": [
          "plugins-cmp-pandoc-references"
        ],
        "plugins-cmp-r": [
          "plugins-cmp-r"
        ],
        "plugins-r": [
          "plugins-r"
        ],
        "rixpkgs": [
          "rixpkgs"
        ]
      },
      "locked": {
        "lastModified": 1765425579,
        "narHash": "sha256-XQLrlG8Uf1GOBy5EQlPP19foLfF3CY/ruQc9xonyGCQ=",
        "owner": "dwinkler1",
        "repo": "nixCatsConfig",
        "rev": "7fc90930a9cb08aeccd575122f6fc1524ed2c71b",
        "type": "github"
      },
      "original": {
        "owner": "dwinkler1",
        "repo": "nixCatsConfig",
        "type": "github"
      }
    },
    "nixCats_2": {
      "locked": {
        "lastModified": 1763330129,
        "narHash": "sha256-KbOeWIF52SV53BOeETGO2C5ewaV2Ex9iaXH7G72gOr8=",
        "owner": "BirdeeHub",
        "repo": "nixCats-nvim",
        "rev": "c81551ed87db2aefab30a12cf7425ff94dc0ad64",
        "type": "github"
      },
      "original": {
        "owner": "BirdeeHub",
        "repo": "nixCats-nvim",
        "type": "github"
      }
    },
    "nixpkgs": {
      "locked": {
        "lastModified": 1765838191,
        "narHash": "sha256-m5KWt1nOm76ILk/JSCxBM4MfK3rYY7Wq9/TZIIeGnT8=",
        "owner": "nixos",
        "repo": "nixpkgs",
        "rev": "c6f52ebd45e5925c188d1a20119978aa4ffd5ef6",
        "type": "github"
      },
      "original": {
        "owner": "nixos",
        "ref": "nixos-25.11",
        "repo": "nixpkgs",
        "type": "github"
      }
    },
    "plugins-cmp-pandoc-references": {
      "flake": false,
      "locked": {
        "lastModified": 1743491695,
        "narHash": "sha256-XsdneGNJzmRBggk8lz9JNDQYk7wbYfUAF2oZLXzFb9c=",
        "owner": "jmbuhr",
        "repo": "cmp-pandoc-references",
        "rev": "130eae4f75029d6495808e0ea4b769fa1ce4c9ac",
        "type": "github"
      },
      "original": {
        "owner": "jmbuhr",
        "repo": "cmp-pandoc-references",
        "type": "github"
      }
    },
    "plugins-cmp-r": {
      "flake": false,
      "locked": {
        "lastModified": 1764700377,
        "narHash": "sha256-xb7VFWM/BKAkN7fg62y8n618t2qkQjdYbPwhBhLJwtk=",
        "owner": "R-nvim",
        "repo": "cmp-r",
        "rev": "70bfe8f4c062acc10266e24825439c009a0b1b89",
        "type": "github"
      },
      "original": {
        "owner": "R-nvim",
        "repo": "cmp-r",
        "type": "github"
      }
    },
    "plugins-r": {
      "flake": false,
      "locked": {
        "lastModified": 1763419698,
        "narHash": "sha256-GUnRsFF6MlUcFfEsNmm0zXauG3+Pf22OOJNXszOvs+M=",
        "owner": "R-nvim",
        "repo": "R.nvim",
        "rev": "b40fca202f26be4c83875dae489c655f2b834df6",
        "type": "github"
      },
      "original": {
        "owner": "R-nvim",
        "ref": "v0.99.1",
        "repo": "R.nvim",
        "type": "github"
      }
    },
    "rixpkgs": {
      "locked": {
        "lastModified": 1765802109,
        "narHash": "sha256-Aru0TG1mEhIJiaXElFopn5lrAE+pyxfF0JelHOIY4FQ=",
        "owner": "rstats-on-nix",
        "repo": "nixpkgs",
        "rev": "bdfc55ed37f7d1228a856be0f57876596b04477a",
        "type": "github"
      },
      "original": {
        "owner": "rstats-on-nix",
        "ref": "2025-12-15",
        "repo": "nixpkgs",
        "type": "github"
      }
    },
    "root": {
      "inputs": {
        "fran": "fran",
        "nixCats": "nixCats",
        "nixpkgs": "nixpkgs",
        "plugins-cmp-pandoc-references": "plugins-cmp-pandoc-references",
        "plugins-cmp-r": "plugins-cmp-r",
        "plugins-r": "plugins-r",
        "rixpkgs": "rixpkgs"
      }
    }
  },
  "root": "root",
  "version": 7
}
