{
  "nodes": {
    "nCats": {
      "inputs": {
        "nixCats": "nixCats",
        "nixpkgs": [
          "nixpkgs"
        ],
        "plugins-cmp-pandoc-references": "plugins-cmp-pandoc-references",
        "plugins-r": "plugins-r",
        "rixpkgs": "rixpkgs"
      },
      "locked": {
        "lastModified": 1750087262,
        "narHash": "sha256-R6oJySWKLUhOvGcpx4XFl66I0HF8idxAqwy12LGvA40=",
        "owner": "dwinkler1",
        "repo": "nixCatsConfig",
        "rev": "49ae62774227776b0365648a51527aefb01157bc",
        "type": "github"
      },
      "original": {
        "owner": "dwinkler1",
        "repo": "nixCatsConfig",
        "type": "github"
      }
    },
    "nixCats": {
      "locked": {
        "lastModified": 1749615682,
        "owner": "BirdeeHub",
        "repo": "nixCats-nvim",
        "rev": "c0148957e961100bff3fd213b8a4bc5f669f3028",
        "type": "github"
      },
      "original": {
        "owner": "BirdeeHub",
        "repo": "nixCats-nvim",
        "type": "github"
      }
    },
    "nixpkgs": {
      "locked": {
        "lastModified": 1750386251,
        "narHash": "sha256-1ovgdmuDYVo5OUC5NzdF+V4zx2uT8RtsgZahxidBTyw=",
        "owner": "nixos",
        "repo": "nixpkgs",
        "rev": "076e8c6678d8c54204abcb4b1b14c366835a58bb",
        "type": "github"
      },
      "original": {
        "owner": "nixos",
        "ref": "nixpkgs-unstable",
        "repo": "nixpkgs",
        "type": "github"
      }
    },
    "plugins-cmp-pandoc-references": {
      "flake": false,
      "locked": {
        "lastModified": 1743491695,
        "owner": "jmbuhr",
        "repo": "cmp-pandoc-references",
        "rev": "130eae4f75029d6495808e0ea4b769fa1ce4c9ac",
        "type": "github"
      },
      "original": {
        "owner": "jmbuhr",
        "repo": "cmp-pandoc-references",
        "type": "github"
      }
    },
    "plugins-r": {
      "flake": false,
      "locked": {
        "lastModified": 1749130465,
        "owner": "R-nvim",
        "repo": "R.nvim",
        "rev": "65f772c012240bc1a1706da11049d2c9801275dc",
        "type": "github"
      },
      "original": {
        "owner": "R-nvim",
        "repo": "R.nvim",
        "type": "github"
      }
    },
    "rixpkgs": {
      "locked": {
        "lastModified": 1746476429,
        "narHash": "sha256-KHNAOy8ILpIlz5rtwxURpcVOqbWRMoT/rXRgpy1pyG8=",
        "type": "tarball",
        "url": "https://github.com/rstats-on-nix/nixpkgs/archive/2025-04-29.tar.gz"
      },
      "original": {
        "type": "tarball",
        "url": "https://github.com/rstats-on-nix/nixpkgs/archive/2025-04-29.tar.gz"
      }
    },
    "rixpkgs_2": {
      "locked": {
        "lastModified": 1747664360,
        "narHash": "sha256-DskCWKtHNGApsP3PI/HB+fETs3qXpwul3PtSgTb++N4=",
        "type": "tarball",
        "url": "https://github.com/rstats-on-nix/nixpkgs/archive/2025-05-19.tar.gz"
      },
      "original": {
        "type": "tarball",
        "url": "https://github.com/rstats-on-nix/nixpkgs/archive/2025-05-19.tar.gz"
      }
    },
    "root": {
      "inputs": {
        "nCats": "nCats",
        "nixpkgs": "nixpkgs",
        "rixpkgs": "rixpkgs_2"
      }
    }
  },
  "root": "root",
  "version": 7
}
