{
  "nodes": {
    "nCats": {
      "inputs": {
        "nixCats": "nixCats",
        "nixpkgs": [
          "nixpkgs"
        ],
        "plugins-r": "plugins-r",
        "rixpkgs": "rixpkgs"
      },
      "locked": {
        "lastModified": 1747862291,
        "owner": "dwinkler1",
        "repo": "nixCatsConfig",
        "rev": "4b6dea3c813aa5cc391d0ce1747e61cadf7092fc",
        "type": "github"
      },
      "original": {
        "owner": "dwinkler1",
        "repo": "nixCatsConfig",
        "type": "github"
      }
    },
    "nixCats": {
      "locked": {
        "lastModified": 1747402538,
        "narHash": "sha256-hqOngVDs86+L2tYseKLqhhJsgXWluwwmPFJByvMc1d4=",
        "owner": "BirdeeHub",
        "repo": "nixCats-nvim",
        "rev": "14e95095b612f2c438e00a0f60287d867e8abd69",
        "type": "github"
      },
      "original": {
        "owner": "BirdeeHub",
        "repo": "nixCats-nvim",
        "type": "github"
      }
    },
    "nixpkgs": {
      "locked": {
        "lastModified": 1746525332,
        "narHash": "sha256-hnr+j3EeNt0An/+2N+7p7/UAfR3jWTaHSwHdr7K86aU=",
        "type": "tarball",
        "url": "https://github.com/rstats-on-nix/nixpkgs/archive/2025-05-05.tar.gz"
      },
      "original": {
        "type": "tarball",
        "url": "https://github.com/rstats-on-nix/nixpkgs/archive/2025-05-05.tar.gz"
      }
    },
    "plugins-r": {
      "flake": false,
      "locked": {
        "lastModified": 1746658384,
        "narHash": "sha256-B0muapQ6KgrqQhpud33yX88vO8LeJK0qnm+yZP4e8C8=",
        "owner": "R-nvim",
        "repo": "R.nvim",
        "rev": "9f0331a3b40d9ce727a6df1323bbc7fc09295c9a",
        "type": "github"
      },
      "original": {
        "owner": "R-nvim",
        "repo": "R.nvim",
        "type": "github"
      }
    },
    "rixpkgs": {
      "locked": {
        "lastModified": 1746476429,
        "narHash": "sha256-KHNAOy8ILpIlz5rtwxURpcVOqbWRMoT/rXRgpy1pyG8=",
        "type": "tarball",
        "url": "https://github.com/rstats-on-nix/nixpkgs/archive/2025-04-29.tar.gz"
      },
      "original": {
        "type": "tarball",
        "url": "https://github.com/rstats-on-nix/nixpkgs/archive/2025-04-29.tar.gz"
      }
    },
    "root": {
      "inputs": {
        "nCats": "nCats",
        "nixpkgs": "nixpkgs"
      }
    }
  },
  "root": "root",
  "version": 7
}
