{
  "nodes": {
    "nixCats": {
      "inputs": {
        "nixCats": "nixCats_2",
        "nixpkgs": [
          "nixpkgs"
        ],
        "nixpkgs-unstable": "nixpkgs-unstable",
        "plugins-cmp-pandoc-references": "plugins-cmp-pandoc-references",
        "plugins-cmp-r": "plugins-cmp-r",
        "plugins-r": "plugins-r",
        "rixpkgs": [
          "rixpkgs"
        ]
      },
      "locked": {
        "lastModified": 1756172107,
        "narHash": "sha256-ZeUFExbMaqon+lplHzIF+sXXxNe7+Qi3rdAvHVnL7Ck=",
        "owner": "dwinkler1",
        "repo": "nixCatsConfig",
        "rev": "fa8484c58eedc29bbbc3d910c9dcac298962bcb0",
        "type": "github"
      },
      "original": {
        "owner": "dwinkler1",
        "repo": "nixCatsConfig",
        "type": "github"
      }
    },
    "nixCats_2": {
      "locked": {
        "lastModified": 1756094250,
        "narHash": "sha256-Bkghd2NdQqQfKwSftABMDjnfRMFTJXA/XvvfKVonV/Q=",
        "owner": "BirdeeHub",
        "repo": "nixCats-nvim",
        "rev": "7496b06144a15e44301aacea31c3e1ccdb81546e",
        "type": "github"
      },
      "original": {
        "owner": "BirdeeHub",
        "repo": "nixCats-nvim",
        "type": "github"
      }
    },
    "nixpkgs": {
      "locked": {
        "lastModified": 1756128520,
        "narHash": "sha256-R94HxJBi+RK1iCm8Y4Q9pdrHZl0GZoDPIaYwjxRNPh4=",
        "owner": "nixos",
        "repo": "nixpkgs",
        "rev": "c53baa6685261e5253a1c355a1b322f82674a824",
        "type": "github"
      },
      "original": {
        "owner": "nixos",
        "ref": "nixpkgs-unstable",
        "repo": "nixpkgs",
        "type": "github"
      }
    },
    "nixpkgs-unstable": {
      "locked": {
        "lastModified": 1756128520,
        "narHash": "sha256-R94HxJBi+RK1iCm8Y4Q9pdrHZl0GZoDPIaYwjxRNPh4=",
        "owner": "nixos",
        "repo": "nixpkgs",
        "rev": "c53baa6685261e5253a1c355a1b322f82674a824",
        "type": "github"
      },
      "original": {
        "owner": "nixos",
        "ref": "nixpkgs-unstable",
        "repo": "nixpkgs",
        "type": "github"
      }
    },
    "plugins-cmp-pandoc-references": {
      "flake": false,
      "locked": {
        "lastModified": 1743491695,
        "narHash": "sha256-XsdneGNJzmRBggk8lz9JNDQYk7wbYfUAF2oZLXzFb9c=",
        "owner": "jmbuhr",
        "repo": "cmp-pandoc-references",
        "rev": "130eae4f75029d6495808e0ea4b769fa1ce4c9ac",
        "type": "github"
      },
      "original": {
        "owner": "jmbuhr",
        "repo": "cmp-pandoc-references",
        "type": "github"
      }
    },
    "plugins-cmp-pandoc-references_2": {
      "flake": false,
      "locked": {
        "lastModified": 1743491695,
        "narHash": "sha256-XsdneGNJzmRBggk8lz9JNDQYk7wbYfUAF2oZLXzFb9c=",
        "owner": "jmbuhr",
        "repo": "cmp-pandoc-references",
        "rev": "130eae4f75029d6495808e0ea4b769fa1ce4c9ac",
        "type": "github"
      },
      "original": {
        "owner": "jmbuhr",
        "repo": "cmp-pandoc-references",
        "type": "github"
      }
    },
    "plugins-cmp-r": {
      "flake": false,
      "locked": {
        "lastModified": 1746709841,
        "narHash": "sha256-TwmLSILu1H3RyRivCQlbsgUN4dsEqO1E8Hx71N/lFws=",
        "owner": "R-nvim",
        "repo": "cmp-r",
        "rev": "602f399c4efde01147cadfebcc884b7aa154f8b7",
        "type": "github"
      },
      "original": {
        "owner": "R-nvim",
        "repo": "cmp-r",
        "type": "github"
      }
    },
    "plugins-cmp-r_2": {
      "flake": false,
      "locked": {
        "lastModified": 1746709841,
        "narHash": "sha256-TwmLSILu1H3RyRivCQlbsgUN4dsEqO1E8Hx71N/lFws=",
        "owner": "R-nvim",
        "repo": "cmp-r",
        "rev": "602f399c4efde01147cadfebcc884b7aa154f8b7",
        "type": "github"
      },
      "original": {
        "owner": "R-nvim",
        "repo": "cmp-r",
        "type": "github"
      }
    },
    "plugins-r": {
      "flake": false,
      "locked": {
        "lastModified": 1755532199,
        "narHash": "sha256-mb8HCaMasPUP9JZUkH1sPrtdbhM2HMUkJEKDsRt6wTs=",
        "owner": "R-nvim",
        "repo": "R.nvim",
        "rev": "fd992e1c13ad3df794a30af2e937b994bf7bf4db",
        "type": "github"
      },
      "original": {
        "owner": "R-nvim",
        "repo": "R.nvim",
        "type": "github"
      }
    },
    "plugins-r_2": {
      "flake": false,
      "locked": {
        "lastModified": 1755532199,
        "narHash": "sha256-mb8HCaMasPUP9JZUkH1sPrtdbhM2HMUkJEKDsRt6wTs=",
        "owner": "R-nvim",
        "repo": "R.nvim",
        "rev": "fd992e1c13ad3df794a30af2e937b994bf7bf4db",
        "type": "github"
      },
      "original": {
        "owner": "R-nvim",
        "repo": "R.nvim",
        "type": "github"
      }
    },
    "rixpkgs": {
      "locked": {
        "lastModified": 1754915244,
        "narHash": "sha256-WtdFq/HbvAgq03AMhSAJW35go6R5bqhGNf2KBzXqH2U=",
        "type": "tarball",
        "url": "https://github.com/rstats-on-nix/nixpkgs/archive/2025-08-11.tar.gz"
      },
      "original": {
        "type": "tarball",
        "url": "https://github.com/rstats-on-nix/nixpkgs/archive/2025-08-11.tar.gz"
      }
    },
    "root": {
      "inputs": {
        "nixCats": "nixCats",
        "nixpkgs": "nixpkgs",
        "plugins-cmp-pandoc-references": "plugins-cmp-pandoc-references_2",
        "plugins-cmp-r": "plugins-cmp-r_2",
        "plugins-r": "plugins-r_2",
        "rixpkgs": "rixpkgs"
      }
    }
  },
  "root": "root",
  "version": 7
}
